using System.Collections;
using System.Collections.Generic;
using UnityEngine;

public class ADmove : MonoBehaviour
{

    float moveX;
    Rigidbody2D rb;

    [Header("AD 이동 속도")]
    [SerializeField] [Range(800f, 1000f)] float moveSpeed = 800f;

    [Header("스페이스 점프 강도")]
    [SerializeField] [Range(300f, 800f)] float jumpForce = 300f;

    private void Start()
    {
        rb = GetComponent<Rigidbody2D>();
    }

    void Update()
    {
        // 이동
        if (Input.GetKey(KeyCode.A)) // A를 눌렀을 때
        {
            moveX = Input.GetAxis("Horizontal") * moveSpeed * Time.deltaTime;
            rb.velocity = new Vector2(moveX, rb.velocity.y);
        }
        if (Input.GetKey(KeyCode.D)) // D를 눌렀을 때
        {
            moveX = Input.GetAxis("Horizontal") * moveSpeed * Time.deltaTime; // 수평으로 스피드와 델타 타입을 곱한 값을 x에
            rb.velocity = new Vector2(moveX, rb.velocity.y); // 좌우로 움직이는 값을 저장
        }

        if (Input.GetKeyDown(KeyCode.Space)) // 스페이스를 눌렀을 때
        { 
            if(rb.velocity.y == 0) // y=0 일 때, 점프
            {
                rb.AddForce(new Vector2(0, jumpForce), ForceMode2D.Force);
            }
        }
    }
}
